# This file is automatically @generated by Poetry 2.2.1 and should not be changed by hand.

[[package]]
name = "colorama"
version = "0.4.6"
description = "Cross-platform colored terminal text."
optional = false
python-versions = "!=3.0.*,!=3.1.*,!=3.2.*,!=3.3.*,!=3.4.*,!=3.5.*,!=3.6.*,>=2.7"
groups = ["tests"]
markers = "sys_platform == \"win32\""
files = [
    {file = "colorama-0.4.6-py2.py3-none-any.whl", hash = "sha256:4f1d9991f5acc0ca119f9d443620b77f9d6b33703e51011c16baf57afb285fc6"},
    {file = "colorama-0.4.6.tar.gz", hash = "sha256:08695f5cb7ed6e0531a20572697297273c47b8cae5a63ffc6d6ed5c201be6e44"},
]

[[package]]
name = "coverage"
version = "7.16.1"
description = "Code coverage measurement for Python"
optional = false
python-versions = ">=3.10"
groups = ["tests"]
files = [
    {file = "coverage-7.16.1-cp310-cp310-macosx_10_9_x86_64.whl", hash = "sha256:4f12a9e27ca7b65e40a8475d27899b2d45064d9020e6a89148939e01987b5853"},
    {file = "coverage-7.16.1-cp310-cp310-macosx_11_0_arm64.whl", hash = "sha256:8f590d46c30d9e4c1fda3efefe5443f4c2f6a4192c5ca2ba403653e9ebadf097"},
    {file = "coverage-7.16.1-cp310-cp310-manylinux1_i686.manylinux_2_28_i686.manylinux_2_5_i686.whl", hash = "sha256:3df82f0a3cef4e1bcfc799436056f0b978dda319d0bfd4460c6e479b2802d98a"},
    {file = "coverage-7.16.1-cp310-cp310-manylinux1_x86_64.manylinux_2_28_x86_64.manylinux_2_5_x86_64.whl", hash = "sha256:bb462d59146656e278d1e8ed913ce374d0ba68a4e081acde1867f6d3377fc881"},
    {file = "coverage-7.16.1-cp310-cp310-manylinux2014_aarch64.manylinux_2_17_aarch64.manylinux_2_28_aarch64.whl", hash = "sha256:d7db888dd0a1df1a653cae7f99d4047430d2187a3626eda51bc847b0fd6b9b43"},
    {file = "coverage-7.16.1-cp310-cp310-manylinux2014_ppc64le.manylinux_2_17_ppc64le.manylinux_2_28_ppc64le.whl", hash = "sha256:38a7e16f061504ac2b45370bf5bf97e8250d8d3f25e37385bae884978166554b"},
    {file = "coverage-7.16.1-cp310-cp310-manylinux_2_31_riscv64.manylinux_2_39_riscv64.whl", hash = "sha256:2b26b55b18e1a53e1a159dd743728c4ddbbef28ba19000a91aaff5ce023197ec"},
    {file = "coverage-7.16.1-cp310-cp310-musllinux_1_2_aarch64.whl", hash = "sha256:fdb2f528b50953e29d22033b3256c396a700193c6e45b2490222ef9c333cbbf9"},
    {file = "coverage-7.16.1-cp310-cp310-musllinux_1_2_i686.whl", hash = "sha256:3284754371dc78592aa3ae4d661d30ee20e02b2b6b0de3590a181a936d0d3b38"},
    {file = "coverage-7.16.1-cp310-cp310-musllinux_1_2_ppc64le.whl", hash = "sha256:802d1246c540e07486d4ee1adfa19a797e4b33529ffc371dc140644e8f27da0a"},
    {file = "coverage-7.16.1-cp310-cp310-musllinux_1_2_riscv64.whl", hash = "sha256:6fc735d6fe6d57f803e7ba021be4dde48e43e6aff94e6954350555d5332b0594"},
    {file = "coverage-7.16.1-cp310-cp310-musllinux_1_2_x86_64.whl", hash = "sha256:ed5ade1bb18f62edace1bd198c66f9d4c75a8385d5fd24e87d917ea1a5958773"},
    {file = "coverage-7.16.1-cp310-cp310-win32.whl", hash = "sha256:0c309096926b119543dc16438a11ef4c80783d2f4e59ff94f7f462651a944cdc"},
    {file = "coverage-7.16.1-cp310-cp310-win_amd64.whl", hash = "sha256:7562f8067ed9360e8b9739e5703403a7686dd1b36bf0f89fc538047c54cdea90"},
    {file = "coverage-7.16.1-cp311-cp311-macosx_10_9_x86_64.whl", hash = "sha256:72e013665e25cf9d44779f01f340af26319756f9a76822b7c94ce6b1d93813da"},
    {file = "coverage-7.16.1-cp311-cp311-macosx_11_0_arm64.whl", hash = "sha256:cb05c0ff98b56ba6969adf35556bc43bcb8d094df8bc9cb403acff53460c4e07"},
    {file = "coverage-7.16.1-cp311-cp311-manylinux1_i686.manylinux_2_28_i686.manylinux_2_5_i686.whl", hash = "sha256:0d0ececb32090e3fbb03e0d352b973a0485879b4de6c58daf47227b9988b99e5"},
    {file = "coverage-7.16.1-cp311-cp311-manylinux1_x86_64.manylinux_2_28_x86_64.manylinux_2_5_x86_64.whl", hash = "sha256:f0ba3892d81aacf36996c52f16bca04e39af31a6c5de930b7688ab617f4a6475"},
    {file = "coverage-7.16.1-cp311-cp311-manylinux2014_aarch64.manylinux_2_17_aarch64.manylinux_2_28_aarch64.whl", hash = "sha256:a6410b75fe07d5271eaa95fc24bd0a9177ed588d9d1c10c0cf67829adb8f0567"},
    {file = "coverage-7.16.1-cp311-cp311-manylinux2014_ppc64le.manylinux_2_17_ppc64le.manylinux_2_28_ppc64le.whl", hash = "sha256:d1039cb2de093225d597109342ce1675626bd127565e80b3044f4eca07c15b2e"},
    {file = "coverage-7.16.1-cp311-cp311-manylinux_2_31_riscv64.manylinux_2_39_riscv64.whl", hash = "sha256:cf047bc39fde5425be2628666d0f435ed8817859111c3aacc84b32d858069f5d"},
    {file = "coverage-7.16.1-cp311-cp311-musllinux_1_2_aarch64.whl", hash = "sha256:2c05913d0d5badf7ac83200f35dcf9514cce5df16a7cc89e7d1d7fff0461813b"},
    {file = "coverage-7.16.1-cp311-cp311-musllinux_1_2_i686.whl", hash = "sha256:4027bf6d7bc0a16df058ce913b69f10c5687f8e1ca668f08caa659ce101744bf"},
    {file = "coverage-7.16.1-cp311-cp311-musllinux_1_2_ppc64le.whl", hash = "sha256:4f48b345f831eaf4402ab6333c2dc3e2e2b5bc7b9c1b8fe12680dee3f0538f01"},
    {file = "coverage-7.16.1-cp311-cp311-musllinux_1_2_riscv64.whl", hash = "sha256:8643baeb590726c558b2faed6cd59b0917480f9367fcc692026f1a86d824fd08"},
    {file = "coverage-7.16.1-cp311-cp311-musllinux_1_2_x86_64.whl", hash = "sha256:d06dcc420b570bf683cdb647cc8fe62b672d9e429ef711c3cbbb7a6880ca1572"},
    {file = "coverage-7.16.1-cp311-cp311-win32.whl", hash = "sha256:946f58aa59b08bcd6afcc6a7bd0ff54ed5eee844f32ad69fe6814836d15856a2"},
    {file = "coverage-7.16.1-cp311-cp311-win_amd64.whl", hash = "sha256:684c7ee9b4c04358fe6ac8b517ab51ec35fcd79d08ff0f105dd8bcd96885bbb7"},
    {file = "coverage-7.16.1-cp311-cp311-win_arm64.whl", hash = "sha256:1b24f79e25bcf6c73931aeca7a3dfc7595c0cb5e9364aba3fdf387a3de4b1c22"},
    {file = "coverage-7.16.1-cp312-cp312-macosx_10_13_x86_64.whl", hash = "sha256:b7f2c26ce6ce0b1e0ca0d5fae96ea510e3a2e78b7207f06e76b7f2c87fa3d0af"},
    {file = "coverage-7.16.1-cp312-cp312-macosx_11_0_arm64.whl", hash = "sha256:070acb9da788dff743a4d36fc015feee12d68f0349959017542017c79f59c21c"},
    {file = "coverage-7.16.1-cp312-cp312-manylinux1_i686.manylinux_2_28_i686.manylinux_2_5_i686.whl", hash = "sha256:e366587b370bc9b8b51b7b7272c610c56db5d5b4795b9e4a29d28ff2f440f809"},
    {file = "coverage-7.16.1-cp312-cp312-manylinux1_x86_64.manylinux_2_28_x86_64.manylinux_2_5_x86_64.whl", hash = "sha256:e82e10b9d290f60b63459cfb245a841aec347603997206296b93881463a93dcf"},
    {file = "coverage-7.16.1-cp312-cp312-manylinux2014_aarch64.manylinux_2_17_aarch64.manylinux_2_28_aarch64.whl", hash = "sha256:3d73bb1f85c4150ac208fb0755beb04b2e44897bad81414de9380f98dd74729f"},
    {file = "coverage-7.16.1-cp312-cp312-manylinux2014_ppc64le.manylinux_2_17_ppc64le.manylinux_2_28_ppc64le.whl", hash = "sha256:3397b9032553d281ad6a9253b12675b65e0cc8cd7a3b0633cf48872c9eb13360"},
    {file = "coverage-7.16.1-cp312-cp312-manylinux_2_31_riscv64.manylinux_2_39_riscv64.whl", hash = "sha256:77890395cf37026a5907d3ad32376aa51f41c0f163b7477fdbd4f94966cc1d08"},
    {file = "coverage-7.16.1-cp312-cp312-musllinux_1_2_aarch64.whl", hash = "sha256:b0944dc3bee3091039bf970d73caaf930c906013128a421bdc132e797494d941"},
    {file = "coverage-7.16.1-cp312-cp312-musllinux_1_2_i686.whl", hash = "sha256:b89d22a89d5bc05dd95b64e08295b8394aa96dc88e08f8ba210c9ebfebbe0489"},
    {file = "coverage-7.16.1-cp312-cp312-musllinux_1_2_ppc64le.whl", hash = "sha256:550a2a1faf7559f13d5344f12d1eb886ad87955155d7dfab2a3fe5c8ec8fe776"},
    {file = "coverage-7.16.1-cp312-cp312-musllinux_1_2_riscv64.whl", hash = "sha256:55eb268e5b81aefac759766c9162625b06c1bedb7b77d936225bafc4f038a6f6"},
    {file = "coverage-7.16.1-cp312-cp312-musllinux_1_2_x86_64.whl", hash = "sha256:65a8fc80898c9ce59f04349fe8b4849b1f9787f14e52ead990e5f849ff4727a0"},
    {file = "coverage-7.16.1-cp312-cp312-win32.whl", hash = "sha256:528a61be40977c340cf201d23b69bd6a6bab507da60e9dbda85f8b30e935d70d"},
    {file = "coverage-7.16.1-cp312-cp312-win_amd64.whl", hash = "sha256:d0f02c633630e2b74522108ee95a84ad6e1204a8016a6cca5297f335ea27147e"},
    {file = "coverage-7.16.1-cp312-cp312-win_arm64.whl", hash = "sha256:2959978f9d1d20a2c0c15d0a68baaeccf615ac1aa214cf4a05a10d6f568926c8"},
    {file = "coverage-7.16.1-cp313-cp313-macosx_10_13_x86_64.whl", hash = "sha256:ee5465db6e9152a7d09f3215309326878c6aa3ac509195a369f9d264ff4bfbd9"},
    {file = "coverage-7.16.1-cp313-cp313-macosx_11_0_arm64.whl", hash = "sha256:2b8256f8b525ba233d2e4cdcdce0d6673c66fc9bf70df1fd5e67c54a74e2d245"},
    {file = "coverage-7.16.1-cp313-cp313-manylinux1_i686.manylinux_2_28_i686.manylinux_2_5_i686.whl", hash = "sha256:d57cc400275b9a2892e905fc893f732b21ddb95271bf96406c88e2f6367848b5"},
    {file = "coverage-7.16.1-cp313-cp313-manylinux1_x86_64.manylinux_2_28_x86_64.manylinux_2_5_x86_64.whl", hash = "sha256:6b3fd0f3435ebb7a7183b32a6062a8b755f08242ced1f3f22761d30b56b3c2a5"},
    {file = "coverage-7.16.1-cp313-cp313-manylinux2014_aarch64.manylinux_2_17_aarch64.manylinux_2_28_aarch64.whl", hash = "sha256:e5eb1762e7eb5fad34ef913e8107c7788a66f19d328e598ce95bf7217f9e5c8f"},
    {file = "coverage-7.16.1-cp313-cp313-manylinux2014_ppc64le.manylinux_2_17_ppc64le.manylinux_2_28_ppc64le.whl", hash = "sha256:46cd3a73e9140410de62cceb66214bce0e08fb3922b9176fbfc1522fec151b41"},
    {file = "coverage-7.16.1-cp313-cp313-manylinux_2_31_riscv64.manylinux_2_39_riscv64.whl", hash = "sha256:d1ba5142d68dd2cb775cbd0ac8601819298152047803c8efe4eec6d7d7aa7878"},
    {file = "coverage-7.16.1-cp313-cp313-musllinux_1_2_aarch64.whl", hash = "sha256:c389c6f9d1d518e1249ddcb8a7f158135644ce2c508fa6cc17b680777dad5bf2"},
    {file = "coverage-7.16.1-cp313-cp313-musllinux_1_2_i686.whl", hash = "sha256:cdc57746c7ac0ea063351b4d651c3bb4dd4fd35e64dbb8e90c10e14eb03c4080"},
    {file = "coverage-7.16.1-cp313-cp313-musllinux_1_2_ppc64le.whl", hash = "sha256:5597180ed7670cc94c04c65347418a467d3a43d5f0cf52fcac647f5425f42037"},
    {file = "coverage-7.16.1-cp313-cp313-musllinux_1_2_riscv64.whl", hash = "sha256:a9647a0ac46255b8fef59a433a2161f03e5483f3a35e1cbd9dfe4600baff0c6b"},
    {file = "coverage-7.16.1-cp313-cp313-musllinux_1_2_x86_64.whl", hash = "sha256:e306e98186b9cd109121f3583aeb7978797ad21d948f22944c5c08845cd554d0"},
    {file = "coverage-7.16.1-cp313-cp313-win32.whl", hash = "sha256:48a78a66fcce49d7f6156524bf979c0ac633d584199717c68c6ffa949fc14e6a"},
    {file = "coverage-7.16.1-cp313-cp313-win_amd64.whl", hash = "sha256:7af03247d598a353bbbbe1b925deb735276e4d845e7197c4073dc89352b236fa"},
    {file = "coverage-7.16.1-cp313-cp313-win_arm64.whl", hash = "sha256:166adae25b05b04c9a84135912066d9c97482115af38df1a419a38aacc6b6f5d"},
    {file = "coverage-7.16.1-cp314-cp314-macosx_10_15_x86_64.whl", hash = "sha256:cc0b37fe6f5ce5f1ccc62ad4fa9b1ad201d8e9b6027fd5e0170877beee4b2d15"},
    {file = "coverage-7.16.1-cp314-cp314-macosx_11_0_arm64.whl", hash = "sha256:6618f481053b63fc6121faf8fc676bd9b7163c2a19d9e984a2e850002c28ab57"},
    {file = "coverage-7.16.1-cp314-cp314-manylinux1_i686.manylinux_2_28_i686.manylinux_2_5_i686.whl", hash = "sha256:fa02d561eb1d8d2f8ba43ba6e3cef4c6c402a3b632a9460fa329fcadcd5df6a3"},
    {file = "coverage-7.16.1-cp314-cp314-manylinux1_x86_64.manylinux_2_28_x86_64.manylinux_2_5_x86_64.whl", hash = "sha256:bc5354a124799f1f87b7637bbe6f18cd4bc66a1f37f6aa2b5db40f9adad531dc"},
    {file = "coverage-7.16.1-cp314-cp314-manylinux2014_aarch64.manylinux_2_17_aarch64.manylinux_2_28_aarch64.whl", hash = "sha256:34bafe9f4094315248573e6223e11af0ec1b25f9cbca43bf0e9a26a189ba2751"},
    {file = "coverage-7.16.1-cp314-cp314-manylinux2014_ppc64le.manylinux_2_17_ppc64le.manylinux_2_28_ppc64le.whl", hash = "sha256:29c4d3e32a3b5efa420a3dc627c7e570deb80ef997def52c7686a474f5edc7ab"},
    {file = "coverage-7.16.1-cp314-cp314-manylinux_2_31_riscv64.manylinux_2_39_riscv64.whl", hash = "sha256:f2066c447fdd0bca39a9633a082d8ce67bf9a539a203b85059a364a405dc9fe9"},
    {file = "coverage-7.16.1-cp314-cp314-musllinux_1_2_aarch64.whl", hash = "sha256:fd8ac10cd2458b3c6343aac082fb9bd0e3fa806cb2c4975f2280153474b88412"},
    {file = "coverage-7.16.1-cp314-cp314-musllinux_1_2_i686.whl", hash = "sha256:9d8c54ec32e5c102b9241f75d88ae26538b53662868ca491736611db448d9c7a"},
    {file = "coverage-7.16.1-cp314-cp314-musllinux_1_2_ppc64le.whl", hash = "sha256:6dd8dda3402a01a1a8fe8b753a282466f615128574a5590a9108acd07b1f8540"},
    {file = "coverage-7.16.1-cp314-cp314-musllinux_1_2_riscv64.whl", hash = "sha256:79afa9726438912e5cddd1fe541815cea9763c92935f594835e4c432565b68a9"},
    {file = "coverage-7.16.1-cp314-cp314-musllinux_1_2_x86_64.whl", hash = "sha256:3db3978211c3cead5437a80136ca0556bab8bc7828de15a762884b0598c41361"},
    {file = "coverage-7.16.1-cp314-cp314-win32.whl", hash = "sha256:49c39c7068a494f8eb427155f5682f44feee43f9b3107fd54b1e52465379c54b"},
    {file = "coverage-7.16.1-cp314-cp314-win_amd64.whl", hash = "sha256:c510dad19552d912058e4c3e3cbec3fb155dbe8d0ce0ceb7e7dbf5c5822bae0b"},
    {file = "coverage-7.16.1-cp314-cp314-win_arm64.whl", hash = "sha256:b7d4d7e6dcaf33e85f1919f03346403bdcc27437c420a78835f3805bca0ab71f"},
    {file = "coverage-7.16.1-cp314-cp314t-macosx_10_15_x86_64.whl", hash = "sha256:3d0a3681c12d3e0bcdea3d9414b04087828d6c1a482802d6f7f42c37ed530152"},
    {file = "coverage-7.16.1-cp314-cp314t-macosx_11_0_arm64.whl", hash = "sha256:3f3b4469d3da3ecced775d1a8c9c5d9fc80f259e30b7b89f9fed0700d6035ecb"},
    {file = "coverage-7.16.1-cp314-cp314t-manylinux1_i686.manylinux_2_28_i686.manylinux_2_5_i686.whl", hash = "sha256:c08ae35c1be2fe1ce4b4c628df5c6fc0dc9a87f8e5fe8e20238d249678984741"},
    {file = "coverage-7.16.1-cp314-cp314t-manylinux1_x86_64.manylinux_2_28_x86_64.manylinux_2_5_x86_64.whl", hash = "sha256:8ee71a38c54bb2676bbe762b8b0943a79ccb1c2fd6a52054f66e63eda392f8c1"},
    {file = "coverage-7.16.1-cp314-cp314t-manylinux2014_aarch64.manylinux_2_17_aarch64.manylinux_2_28_aarch64.whl", hash = "sha256:76491917771f179f9772efe218c5ccc65950dbdb35f4439298d8a8dfc6ec1f72"},
    {file = "coverage-7.16.1-cp314-cp314t-manylinux2014_ppc64le.manylinux_2_17_ppc64le.manylinux_2_28_ppc64le.whl", hash = "sha256:f4aa0b0a6f81fa3deb211e643f6954e78b4376b62b9c218271236cfa757664e8"},
    {file = "coverage-7.16.1-cp314-cp314t-manylinux_2_31_riscv64.manylinux_2_39_riscv64.whl", hash = "sha256:756ba2d96d073c5a2a55d67fa22784763710fadbe22c41adde2d9cfa4dd78a8c"},
    {file = "coverage-7.16.1-cp314-cp314t-musllinux_1_2_aarch64.whl", hash = "sha256:99bf9ea435cefcefd220f8687c3ddbbf78dc2de0bd11b57c3ae9fbbdf8d5561a"},
    {file = "coverage-7.16.1-cp314-cp314t-musllinux_1_2_i686.whl", hash = "sha256:35cbc81f937fc402971df45c897d2df2bfb2014efcd990360032aa0a651635da"},
    {file = "coverage-7.16.1-cp314-cp314t-musllinux_1_2_ppc64le.whl", hash = "sha256:8fae08e85b334ac6ac886002b5041396a31bcf805225bbe19847627203da99e2"},
    {file = "coverage-7.16.1-cp314-cp314t-musllinux_1_2_riscv64.whl", hash = "sha256:83362b64e215ef00b0ba33fcf13655ace6c9fdd144d5ad2ab59ac86c2daf166e"},
    {file = "coverage-7.16.1-cp314-cp314t-musllinux_1_2_x86_64.whl", hash = "sha256:33300f2e140ccf26af3d8152e62bff71993f9310cfc63ba7a20940b0d246a0ae"},
    {file = "coverage-7.16.1-cp314-cp314t-win32.whl", hash = "sha256:5539304fdbb2cc144df684d35a33b81145334d23e1c2367b5a923d25107f70b2"},
    {file = "coverage-7.16.1-cp314-cp314t-win_amd64.whl", hash = "sha256:715dcb72c3280c428c3a20134b87e42c29acec9669136e899ab2de69ca86218d"},
    {file = "coverage-7.16.1-cp314-cp314t-win_arm64.whl", hash = "sha256:dac8b84c03e6029d272b8249c77018db83de59ca009a9adef7c144b4a62ee5e6"},
    {file = "coverage-7.16.1-cp315-cp315-macosx_10_15_x86_64.whl", hash = "sha256:a337dc2d54c74430cd2febb8ee04f7c508ba8b3b412bf0463f077a66cfc73743"},
    {file = "coverage-7.16.1-cp315-cp315-macosx_11_0_arm64.whl", hash = "sha256:3acd1d78397dead78dd1b011b5fc19cc823c190349acd549e63856dff649c80e"},
    {file = "coverage-7.16.1-cp315-cp315-manylinux1_i686.manylinux_2_28_i686.manylinux_2_5_i686.whl", hash = "sha256:73a32694603a34ad01d7e51a481a4023410d8099e1d0757e067945695c10f0ae"},
    {file = "coverage-7.16.1-cp315-cp315-manylinux1_x86_64.manylinux_2_28_x86_64.manylinux_2_5_x86_64.whl", hash = "sha256:fbbe8265736659a6be2e6042b6a35be13545d14b243cc1d7ecf65f90d788a370"},
    {file = "coverage-7.16.1-cp315-cp315-manylinux2014_aarch64.manylinux_2_17_aarch64.manylinux_2_28_aarch64.whl", hash = "sha256:4b0359eb4c62f9993e176bc8f50450fc736a6b90dbcc05bb8584e948812699ae"},
    {file = "coverage-7.16.1-cp315-cp315-manylinux2014_ppc64le.manylinux_2_17_ppc64le.manylinux_2_28_ppc64le.whl", hash = "sha256:da506e669a8a851b59e122b4b219ea70996a6296f44f3a9348a852526ff961de"},
    {file = "coverage-7.16.1-cp315-cp315-manylinux_2_31_riscv64.manylinux_2_39_riscv64.whl", hash = "sha256:64a2a5985d81810ed605ff0dc4ccd6555efcb5700353825532a9a0aea65826e1"},
    {file = "coverage-7.16.1-cp315-cp315-musllinux_1_2_aarch64.whl", hash = "sha256:66d70132b69b861805dc1ca46cdd733e54c416890e8f1371d2fd103f70b59c9c"},
    {file = "coverage-7.16.1-cp315-cp315-musllinux_1_2_i686.whl", hash = "sha256:db651a9cf325a542bc2b7b8cc8f1b2bdc6492739bae3103731b2f1c85b96cff6"},
    {file = "coverage-7.16.1-cp315-cp315-musllinux_1_2_ppc64le.whl", hash = "sha256:4184e78a4465dcda359fb403172b8951dd220929cb0984c02fabca1742fff06f"},
    {file = "coverage-7.16.1-cp315-cp315-musllinux_1_2_riscv64.whl", hash = "sha256:bc53c3f3adaa939b7a063533ffe0ae1259e7073393c618043a99a6970a87e3df"},
    {file = "coverage-7.16.1-cp315-cp315-musllinux_1_2_x86_64.whl", hash = "sha256:b44308854ef210b9b78df9cdfd4e159513382a859f5ef8464306d14a54c2a040"},
    {file = "coverage-7.16.1-cp315-cp315-win32.whl", hash = "sha256:dccc142614d3419ed71857deb43f1d757829a4c7fce9994464b71e7e38309827"},
    {file = "coverage-7.16.1-cp315-cp315-win_amd64.whl", hash = "sha256:961fc424e9d5229a99f8f1189942d8e7f4e1519147c3af64842f944aca03914d"},
    {file = "coverage-7.16.1-cp315-cp315-win_arm64.whl", hash = "sha256:681a9488c5a234397c4f013da065aa9e53eb7af4c78f1f80c6f15e7208acb855"},
    {file = "coverage-7.16.1-cp315-cp315t-macosx_10_15_x86_64.whl", hash = "sha256:8bb09a2d19b04db1fa0e087a7ca4f12458f7e0e7364cfcd838441d86fb1c61f6"},
    {file = "coverage-7.16.1-cp315-cp315t-macosx_11_0_arm64.whl", hash = "sha256:2270a794600b635ca9452ce4c32e2fe81a35f9caa17ffac0eba99f14f275bd4d"},
    {file = "coverage-7.16.1-cp315-cp315t-manylinux1_i686.manylinux_2_28_i686.manylinux_2_5_i686.whl", hash = "sha256:a4eff405b545dfcf79cf0d9d3ff750e5c5a887aa066114175193a81d249c5ee6"},
    {file = "coverage-7.16.1-cp315-cp315t-manylinux1_x86_64.manylinux_2_28_x86_64.manylinux_2_5_x86_64.whl", hash = "sha256:ee1d5fc9e3bd6a217906929cc97880239a91d20dae7746f538eb0eefee705ab1"},
    {file = "coverage-7.16.1-cp315-cp315t-manylinux2014_aarch64.manylinux_2_17_aarch64.manylinux_2_28_aarch64.whl", hash = "sha256:d4ec944947de098ad5a1738413f9364689a57067ecbc328e9de37218aa1e5cc1"},
    {file = "coverage-7.16.1-cp315-cp315t-manylinux2014_ppc64le.manylinux_2_17_ppc64le.manylinux_2_28_ppc64le.whl", hash = "sha256:3f73ee3956fde2d461c9e2955dd48166e4821fc8587d135e8780fb84da2a098b"},
    {file = "coverage-7.16.1-cp315-cp315t-manylinux_2_31_riscv64.manylinux_2_39_riscv64.whl", hash = "sha256:1ec9a4ee989c0d06ad95add0dbfdbb72b00ef53f43431ca0b612384e7878e5de"},
    {file = "coverage-7.16.1-cp315-cp315t-musllinux_1_2_aarch64.whl", hash = "sha256:7e5727b2508f817f3126d6c33327dda32fe69d15514badfcd61db8bc4209ecef"},
    {file = "coverage-7.16.1-cp315-cp315t-musllinux_1_2_i686.whl", hash = "sha256:19a3ea2f364012ef06678118fffdc92442a16bef4a5c8ad4f4019dd8f9ac8876"},
    {file = "coverage-7.16.1-cp315-cp315t-musllinux_1_2_ppc64le.whl", hash = "sha256:996c2b891b441ec2b39725ee3e8386e2f11b4894b92be225fdfd54a3eeada2c8"},
    {file = "coverage-7.16.1-cp315-cp315t-musllinux_1_2_riscv64.whl", hash = "sha256:a125fac1f6b1e88488d208a86b578e1790e3c4937f2e1568d23356141d236220"},
    {file = "coverage-7.16.1-cp315-cp315t-musllinux_1_2_x86_64.whl", hash = "sha256:b10095528b866d322d33d6bf1709b7f8cbf959f12e8cb2ba22fc59c8717866b0"},
    {file = "coverage-7.16.1-cp315-cp315t-win32.whl", hash = "sha256:531d9be377fdcc05593b974656872eb82e808ebeb42a72515e3aaeb8bb7166f5"},
    {file = "coverage-7.16.1-cp315-cp315t-win_amd64.whl", hash = "sha256:46a88f51770df7c9bc376bd57d3f86cdc7624b8e16ac4b585a655c22b7a1b4db"},
    {file = "coverage-7.16.1-cp315-cp315t-win_arm64.whl", hash = "sha256:7580432cbe1e8b762660ae5806f04f869e1c02e519836a43f8094437e561e9f0"},
    {file = "coverage-7.16.1-py3-none-any.whl", hash = "sha256:3d8bd4e58b6a5c2018d808f297905393c6c61da466a48c3f0596a76a4900ebe4"},
    {file = "coverage-7.16.1.tar.gz", hash = "sha256:f83981779bcf9dfa06fa0a8d4cb43e0faec1706328ce07aa3e7b665b4ac0f210"},
]

[package.extras]
toml = ["tomli ; python_full_version <= \"3.11.0a6\""]

[[package]]
name = "editdistance"
version = "0.8.1"
description = "Fast implementation of the edit distance (Levenshtein distance)"
optional = true
python-versions = ">=3.8"
groups = ["main"]
markers = "extra == \"contrib\""
files = [
    {file = "editdistance-0.8.1-cp310-cp310-macosx_10_9_universal2.whl", hash = "sha256:adeb705f32b93accc74960d227875abff150ee42d676e428536361fe5f8f5388"},
    {file = "editdistance-0.8.1-cp310-cp310-macosx_10_9_x86_64.whl", hash = "sha256:3de77951b105d0972deec7684a0b3d1a9dee69c9b5d34f6e2acc0d76cd4a1c52"},
    {file = "editdistance-0.8.1-cp310-cp310-macosx_11_0_arm64.whl", hash = "sha256:5e88efb052d45e924606c305cb833a80579dca3e8e4ff01309d50ba2c1c0bbd5"},
    {file = "editdistance-0.8.1-cp310-cp310-manylinux_2_17_aarch64.manylinux2014_aarch64.whl", hash = "sha256:0247e7a1e9c66ea75211a97e725366bff19a52aac2c838ed5f90025630e976dd"},
    {file = "editdistance-0.8.1-cp310-cp310-manylinux_2_17_x86_64.manylinux2014_x86_64.whl", hash = "sha256:67d143429a49ab552411505f550a0fb4285a1d4336e096804d233ec495ac20fc"},
    {file = "editdistance-0.8.1-cp310-cp310-manylinux_2_5_i686.manylinux1_i686.manylinux_2_17_i686.manylinux2014_i686.whl", hash = "sha256:ca9d3be2b10e5d44a950a4bd1e84bca9ebbecd364bce0cf5693bf8224c78eaef"},
    {file = "editdistance-0.8.1-cp310-cp310-musllinux_1_1_aarch64.whl", hash = "sha256:5c72aa1df8535f2e2b3d8773a1a7da091bc1a7e52bb396e7e48d375ba687e7b2"},
    {file = "editdistance-0.8.1-cp310-cp310-musllinux_1_1_i686.whl", hash = "sha256:9a606c34a2a6cc190e4fffc856b36333cdcf1f1fab5b22bd3088e585c22d6ca0"},
    {file = "editdistance-0.8.1-cp310-cp310-musllinux_1_1_x86_64.whl", hash = "sha256:5af173d442ffac33b7c7990132f97f88818a3abf4b21c0c702a7022df37c0c5c"},
    {file = "editdistance-0.8.1-cp310-cp310-win32.whl", hash = "sha256:fd64b58f5a7b59afd9d75982aaeeacd2a98498bf472fa0360c122ffe6ea4c871"},
    {file = "editdistance-0.8.1-cp310-cp310-win_amd64.whl", hash = "sha256:6c7c62c3cae45ca1fa01bb2722b297b9de1e3a244ac44cfba88bdcb488fe6aee"},
    {file = "editdistance-0.8.1-cp311-cp311-macosx_10_9_universal2.whl", hash = "sha256:486105603a273d73d12a54f347dffa70ab281749d7c3879658b377bc49e4b98c"},
    {file = "editdistance-0.8.1-cp311-cp311-macosx_10_9_x86_64.whl", hash = "sha256:fad081f5f86a175c1a09a4e9e45b95c9349e454c21e181e842e01c85f1f536fc"},
    {file = "editdistance-0.8.1-cp311-cp311-macosx_11_0_arm64.whl", hash = "sha256:8cb78e125f6759398885a775f5eed07c2bb72b2f86da43e674c6b6a3335b273b"},
    {file = "editdistance-0.8.1-cp311-cp311-manylinux_2_17_aarch64.manylinux2014_aarch64.whl", hash = "sha256:3778ca60aa89def9144b70e330bcec5330c7da1d69cb28c612e90b84510a1d3d"},
    {file = "editdistance-0.8.1-cp311-cp311-manylinux_2_17_x86_64.manylinux2014_x86_64.whl", hash = "sha256:fba945eaa0436cf40bc53d7e299dc537c7c71353379a095b7459ff4af910da33"},
    {file = "editdistance-0.8.1-cp311-cp311-manylinux_2_5_i686.manylinux1_i686.manylinux_2_17_i686.manylinux2014_i686.whl", hash = "sha256:877f2a0d801f32bc1a1878901ffb947b974361e849c66e314a7f1d786a446b58"},
    {file = "editdistance-0.8.1-cp311-cp311-musllinux_1_1_aarch64.whl", hash = "sha256:e79d351ca40a6ead5f3763253fd7521572ee0d3e5d42538630e56d10f48db481"},
    {file = "editdistance-0.8.1-cp311-cp311-musllinux_1_1_i686.whl", hash = "sha256:70ed382b3052a51161bad0149d4665003bf3b949fce0b01bf1253a4cc1a88239"},
    {file = "editdistance-0.8.1-cp311-cp311-musllinux_1_1_x86_64.whl", hash = "sha256:a529bfb384c4000775d76739c4e64f73337f0f5a3784933b1321b577a62bed4e"},
    {file = "editdistance-0.8.1-cp311-cp311-win32.whl", hash = "sha256:b082232429e731f181af7f7d2bcf79da6ca8fadd04e9086c11e2973f7d330c81"},
    {file = "editdistance-0.8.1-cp311-cp311-win_amd64.whl", hash = "sha256:cef1a4359252a49f2c4718e64e9d40027d9d951b289d045bdb278656e59f6af8"},
    {file = "editdistance-0.8.1-cp312-cp312-macosx_10_9_universal2.whl", hash = "sha256:b04af61b3fcdd287a07c15b6ae3b02af01c5e3e9c3aca76b8c1d13bd266b6f57"},
    {file = "editdistance-0.8.1-cp312-cp312-macosx_10_9_x86_64.whl", hash = "sha256:18fc8b6eaae01bfd9cf999af726c1e8dcf667d120e81aa7dbd515bea7427f62f"},
    {file = "editdistance-0.8.1-cp312-cp312-macosx_11_0_arm64.whl", hash = "sha256:6a87839450a5987028738d061ffa5ef6a68bac2ddc68c9147a8aae9806629c7f"},
    {file = "editdistance-0.8.1-cp312-cp312-manylinux_2_17_aarch64.manylinux2014_aarch64.whl", hash = "sha256:24b5f9c9673c823d91b5973d0af8b39f883f414a55ade2b9d097138acd10f31e"},
    {file = "editdistance-0.8.1-cp312-cp312-manylinux_2_17_x86_64.manylinux2014_x86_64.whl", hash = "sha256:c59248eabfad603f0fba47b0c263d5dc728fb01c2b6b50fb6ca187cec547fdb3"},
    {file = "editdistance-0.8.1-cp312-cp312-manylinux_2_5_i686.manylinux1_i686.manylinux_2_17_i686.manylinux2014_i686.whl", hash = "sha256:84e239d88ff52821cf64023fabd06a1d9a07654f364b64bf1284577fd3a79d0e"},
    {file = "editdistance-0.8.1-cp312-cp312-musllinux_1_1_aarch64.whl", hash = "sha256:2f7f71698f83e8c83839ac0d876a0f4ef996c86c5460aebd26d85568d4afd0db"},
    {file = "editdistance-0.8.1-cp312-cp312-musllinux_1_1_i686.whl", hash = "sha256:04e229d6f4ce0c12abc9f4cd4023a5b5fa9620226e0207b119c3c2778b036250"},
    {file = "editdistance-0.8.1-cp312-cp312-musllinux_1_1_x86_64.whl", hash = "sha256:e16721636da6d6b68a2c09eaced35a94f4a4a704ec09f45756d4fd5e128ed18d"},
    {file = "editdistance-0.8.1-cp312-cp312-win32.whl", hash = "sha256:87533cf2ebc3777088d991947274cd7e1014b9c861a8aa65257bcdc0ee492526"},
    {file = "editdistance-0.8.1-cp312-cp312-win_amd64.whl", hash = "sha256:09f01ed51746d90178af7dd7ea4ebb41497ef19f53c7f327e864421743dffb0a"},
    {file = "editdistance-0.8.1-cp38-cp38-macosx_10_9_universal2.whl", hash = "sha256:0b6f52a9d7d434f6882db3dc0340e42da6f177644c23f6a02a739b6247a14b82"},
    {file = "editdistance-0.8.1-cp38-cp38-macosx_10_9_x86_64.whl", hash = "sha256:d5b413aeb8fe3f77a9e95485fcb64ce84e6b14bcd368124d38bd0062167b3456"},
    {file = "editdistance-0.8.1-cp38-cp38-macosx_11_0_arm64.whl", hash = "sha256:4ba571e8b6796ad34faeb8581ddc311c35946b2fc183eaebfef59e12ea3538b3"},
    {file = "editdistance-0.8.1-cp38-cp38-manylinux_2_17_aarch64.manylinux2014_aarch64.whl", hash = "sha256:616e361e932a85ee1f7091fcb8f7e4619681592c1a0cca251dfd26976dd58254"},
    {file = "editdistance-0.8.1-cp38-cp38-manylinux_2_17_x86_64.manylinux2014_x86_64.whl", hash = "sha256:cf200104ed4923d4f51ca543bc8488732a31a17848058e65bcba855a7eee2bd2"},
    {file = "editdistance-0.8.1-cp38-cp38-manylinux_2_5_i686.manylinux1_i686.manylinux_2_17_i686.manylinux2014_i686.whl", hash = "sha256:387d3bb45befbf8514eb8d17180307580efe4ebaa40ad8b2c14eb04c52ad18a0"},
    {file = "editdistance-0.8.1-cp38-cp38-musllinux_1_1_aarch64.whl", hash = "sha256:8e4ea90e92f0e3494bdddad45928393094c258aeef9e4def81a39c3429df0e19"},
    {file = "editdistance-0.8.1-cp38-cp38-musllinux_1_1_i686.whl", hash = "sha256:5d746ecbf7db7fe0f93ba6971ac43225aac877818a3c2003d41436fee9b33905"},
    {file = "editdistance-0.8.1-cp38-cp38-musllinux_1_1_x86_64.whl", hash = "sha256:d789a8ef6fe7cb287ff199381bbd62e9fb2ba4b1e69db817b761d9b42bf8ca7b"},
    {file = "editdistance-0.8.1-cp38-cp38-win32.whl", hash = "sha256:dbbf050fece6c78838a8a95fa4e9a4132023c3d85138870ac83c9dc1dfbfe513"},
    {file = "editdistance-0.8.1-cp38-cp38-win_amd64.whl", hash = "sha256:1c49df0717f64a2c8869edc32c01ba9a22ba20b6cc482876c1067e3a92a6cb2d"},
    {file = "editdistance-0.8.1-cp39-cp39-macosx_10_9_universal2.whl", hash = "sha256:4d8e9a3e65a68c13dcadc1d2caca620f1716a8d02f2602047e0721b509161ec7"},
    {file = "editdistance-0.8.1-cp39-cp39-macosx_10_9_x86_64.whl", hash = "sha256:7994a6a0a6ae92db87c144e12f1549ca0e50f43c6cc64e32c628e7af6b9c74b6"},
    {file = "editdistance-0.8.1-cp39-cp39-macosx_11_0_arm64.whl", hash = "sha256:dbe0cbc15466e9b7fbf73e34bdcae11cb0c2acd09a60ef4740f2172f9aa5e751"},
    {file = "editdistance-0.8.1-cp39-cp39-manylinux_2_17_aarch64.manylinux2014_aarch64.whl", hash = "sha256:bc5f0c7f12a3a3bf2d129e2900deaaa5e47203ef61918343ddc4b6c03e50f089"},
    {file = "editdistance-0.8.1-cp39-cp39-manylinux_2_17_x86_64.manylinux2014_x86_64.whl", hash = "sha256:98572c662fd7d425ff24acb8197ad4be7849558a48aebbc60012090bfda4dce9"},
    {file = "editdistance-0.8.1-cp39-cp39-manylinux_2_5_i686.manylinux1_i686.manylinux_2_17_i686.manylinux2014_i686.whl", hash = "sha256:3b35c647a8a17b77441e7b6111b74ae1016851589109e1efc990d27225b3217b"},
    {file = "editdistance-0.8.1-cp39-cp39-musllinux_1_1_aarch64.whl", hash = "sha256:2f56c0e006f6b5207985c1bdd62e1873e66bb06a60849cad32716cad1bb3ae40"},
    {file = "editdistance-0.8.1-cp39-cp39-musllinux_1_1_i686.whl", hash = "sha256:d6bc5a827b262dc9b0d03cfd821682334ce1280520edf6385dc1730e390b5201"},
    {file = "editdistance-0.8.1-cp39-cp39-musllinux_1_1_x86_64.whl", hash = "sha256:ad68a2357664e45823b38c9f67a315ff9771263ec502a710057b78c6ca6fcfcd"},
    {file = "editdistance-0.8.1-cp39-cp39-win32.whl", hash = "sha256:16b3e413c020e42b2ef2d4ba01386ead43007217f0bdd704e90474ace90d2023"},
    {file = "editdistance-0.8.1-cp39-cp39-win_amd64.whl", hash = "sha256:331f1a8d3a753858a9d689c0bcd79ad1959e0df464bb6c22cb263cfb6da208e4"},
    {file = "editdistance-0.8.1-pp310-pypy310_pp73-macosx_10_9_x86_64.whl", hash = "sha256:a4a90c6b03094c07358572027a8d0a13cca7450b1aa6caca98a5f1fa4f0b8961"},
    {file = "editdistance-0.8.1-pp310-pypy310_pp73-manylinux_2_17_aarch64.manylinux2014_aarch64.whl", hash = "sha256:510a4f9ced348a4fd89ae2e102357d4d801a771e29bb2bc2f130a1692193407f"},
    {file = "editdistance-0.8.1-pp310-pypy310_pp73-manylinux_2_5_i686.manylinux1_i686.manylinux_2_17_i686.manylinux2014_i686.whl", hash = "sha256:4787fa7228ba6a34b430066d174320f011d605015baa7299c2c4911e6ea6bd46"},
    {file = "editdistance-0.8.1-pp310-pypy310_pp73-manylinux_2_5_x86_64.manylinux1_x86_64.manylinux_2_17_x86_64.manylinux2014_x86_64.whl", hash = "sha256:ee02601375073afccd6b4d811129ce1cb696d47db734784d8dbd1fddcea75447"},
    {file = "editdistance-0.8.1-pp310-pypy310_pp73-win_amd64.whl", hash = "sha256:bc7ad9f9a20e6f351523de77c59249f005242e3f317b5de45d02c378d24f6531"},
    {file = "editdistance-0.8.1-pp38-pypy38_pp73-macosx_10_9_x86_64.whl", hash = "sha256:7743895df48482fa5a7136543d6bde72e6c10c78a4a4b772fcddda48f792ef68"},
    {file = "editdistance-0.8.1-pp38-pypy38_pp73-manylinux_2_17_aarch64.manylinux2014_aarch64.whl", hash = "sha256:d9f139d921aff07deb2c9e592fe23d994af0e59267962a20c062cd66750a0ca4"},
    {file = "editdistance-0.8.1-pp38-pypy38_pp73-manylinux_2_5_i686.manylinux1_i686.manylinux_2_17_i686.manylinux2014_i686.whl", hash = "sha256:493587829de3e500bdf34f03f5ab12501867b911acc838e1d04047a3f8941aad"},
    {file = "editdistance-0.8.1-pp38-pypy38_pp73-manylinux_2_5_x86_64.manylinux1_x86_64.manylinux_2_17_x86_64.manylinux2014_x86_64.whl", hash = "sha256:16c521157f5d29bf2cb20472482de8450722685d27a6dd801ff1e80cb13a1fd1"},
    {file = "editdistance-0.8.1-pp38-pypy38_pp73-win_amd64.whl", hash = "sha256:2a956eb9584d9e8d165bddd9091791924648071c3cdb1e03ec94b1320c2edefd"},
    {file = "editdistance-0.8.1-pp39-pypy39_pp73-macosx_10_9_x86_64.whl", hash = "sha256:8131acb6b5170382b8b74efab92df8739ac591dc841314e0153af63c4493cb43"},
    {file = "editdistance-0.8.1-pp39-pypy39_pp73-manylinux_2_17_aarch64.manylinux2014_aarch64.whl", hash = "sha256:f182e5e1d2a446138cab085409395c62af36eb1abcbe8cfacb083febfeafd5ce"},
    {file = "editdistance-0.8.1-pp39-pypy39_pp73-manylinux_2_5_i686.manylinux1_i686.manylinux_2_17_i686.manylinux2014_i686.whl", hash = "sha256:7f4f19a829aff230377041acb77afec73becbebafe35b7e322be00cdb3122ddb"},
    {file = "editdistance-0.8.1-pp39-pypy39_pp73-manylinux_2_5_x86_64.manylinux1_x86_64.manylinux_2_17_x86_64.manylinux2014_x86_64.whl", hash = "sha256:b978c5927100a57791131dd2418040f4e5d33970d37b97a84c1a530ec481f557"},
    {file = "editdistance-0.8.1-pp39-pypy39_pp73-win_amd64.whl", hash = "sha256:0c96a8e981f385f0b7392d047c5caab8e0b24f94b71120787fd78241efc34237"},
    {file = "editdistance-0.8.1.tar.gz", hash = "sha256:d1cdf80a5d5014b0c9126a69a42ce55a457b457f6986ff69ca98e4fe4d2d8fed"},
]

[[package]]
name = "iniconfig"
version = "2.3.0"
description = "brain-dead simple config-ini parsing"
optional = false
python-versions = ">=3.10"
groups = ["tests"]
files = [
    {file = "iniconfig-2.3.0-py3-none-any.whl", hash = "sha256:f631c04d2c48c52b84d0d0549c99ff3859c98df65b3101406327ecc7d53fbf12"},
    {file = "iniconfig-2.3.0.tar.gz", hash = "sha256:c76315c77db068650d49c5b56314774a7804df16fee4402c1f19d6d15d8c4730"},
]

[[package]]
name = "inspire-dictdiffer"
version = "0.0.7"
description = "Dictdiffer is a library that helps you to diff and patch dictionaries."
optional = false
python-versions = ">=3.11"
groups = ["main"]
files = [
    {file = "inspire_dictdiffer-0.0.7-py3-none-any.whl", hash = "sha256:2704da4b1682f9e138fdec268ac3708ae0a76c403cb432abe8f9e586780bc8d5"},
    {file = "inspire_dictdiffer-0.0.7.tar.gz", hash = "sha256:6a65967ca6438317242b3094c67dfdb5f8db25fa256a1292aaba5ba9036e7c92"},
]

[package.extras]
all = ["numpy (>=2.4.6,<3)", "pytest (>=9.1.1,<10)"]
numpy = ["numpy (>=2.4.6,<3)"]
tests = ["pytest (>=9.1.1,<10)"]

[[package]]
name = "munkres"
version = "1.1.4"
description = "Munkres (Hungarian) algorithm for the Assignment Problem"
optional = true
python-versions = "*"
groups = ["main"]
markers = "extra == \"contrib\""
files = [
    {file = "munkres-1.1.4-py2.py3-none-any.whl", hash = "sha256:6b01867d4a8480d865aea2326e4b8f7c46431e9e55b4a2e32d989307d7bced2a"},
    {file = "munkres-1.1.4.tar.gz", hash = "sha256:fc44bf3c3979dada4b6b633ddeeb8ffbe8388ee9409e4d4e8310c2da1792db03"},
]

[[package]]
name = "packaging"
version = "26.3"
description = "Core utilities for Python packages"
optional = false
python-versions = ">=3.9"
groups = ["tests"]
files = [
    {file = "packaging-26.3-py3-none-any.whl", hash = "sha256:d7193f7c8e4e93f444fde0262bf90af30e16fa0ad0ad44cb553c87339b23cd1c"},
    {file = "packaging-26.3.tar.gz", hash = "sha256:94edc256424af38762eb31306eed28beb9f0efc50a8837492c9d6fd6004aed79"},
]

[[package]]
name = "pluggy"
version = "1.6.0"
description = "plugin and hook calling mechanisms for python"
optional = false
python-versions = ">=3.9"
groups = ["tests"]
files = [
    {file = "pluggy-1.6.0-py3-none-any.whl", hash = "sha256:e920276dd6813095e9377c0bc5566d94c932c33b27a3e3945d8389c374dd4746"},
    {file = "pluggy-1.6.0.tar.gz", hash = "sha256:7dcc130b76258d33b90f61b658791dede3486c3e6bfb003ee5c9bfb396dd22f3"},
]

[package.extras]
dev = ["pre-commit", "tox"]
testing = ["coverage", "pytest", "pytest-benchmark"]

[[package]]
name = "pygments"
version = "2.21.0"
description = "Pygments is a syntax highlighting package written in Python."
optional = false
python-versions = ">=3.9"
groups = ["tests"]
files = [
    {file = "pygments-2.21.0-py3-none-any.whl", hash = "sha256:2363c69b61c4a97c838da3b130dcd6468f4848992b21a82f2a63ec34377137d9"},
    {file = "pygments-2.21.0.tar.gz", hash = "sha256:610ca751c9bc2492b38eb9a38a7fbc93edbbb2d7182edaf34e66ae493dee5c8c"},
]

[package.extras]
windows-terminal = ["colorama (>=0.4.6)"]

[[package]]
name = "pyrsistent"
version = "0.20.0"
description = "Persistent/Functional/Immutable data structures"
optional = false
python-versions = ">=3.8"
groups = ["main"]
files = [
    {file = "pyrsistent-0.20.0-cp310-cp310-macosx_10_9_universal2.whl", hash = "sha256:8c3aba3e01235221e5b229a6c05f585f344734bd1ad42a8ac51493d74722bbce"},
    {file = "pyrsistent-0.20.0-cp310-cp310-manylinux_2_17_aarch64.manylinux2014_aarch64.whl", hash = "sha256:c1beb78af5423b879edaf23c5591ff292cf7c33979734c99aa66d5914ead880f"},
    {file = "pyrsistent-0.20.0-cp310-cp310-manylinux_2_17_x86_64.manylinux2014_x86_64.whl", hash = "sha256:21cc459636983764e692b9eba7144cdd54fdec23ccdb1e8ba392a63666c60c34"},
    {file = "pyrsistent-0.20.0-cp310-cp310-manylinux_2_5_i686.manylinux1_i686.manylinux_2_17_i686.manylinux2014_i686.whl", hash = "sha256:f5ac696f02b3fc01a710427585c855f65cd9c640e14f52abe52020722bb4906b"},
    {file = "pyrsistent-0.20.0-cp310-cp310-win32.whl", hash = "sha256:0724c506cd8b63c69c7f883cc233aac948c1ea946ea95996ad8b1380c25e1d3f"},
    {file = "pyrsistent-0.20.0-cp310-cp310-win_amd64.whl", hash = "sha256:8441cf9616d642c475684d6cf2520dd24812e996ba9af15e606df5f6fd9d04a7"},
    {file = "pyrsistent-0.20.0-cp311-cp311-macosx_10_9_universal2.whl", hash = "sha256:0f3b1bcaa1f0629c978b355a7c37acd58907390149b7311b5db1b37648eb6958"},
    {file = "pyrsistent-0.20.0-cp311-cp311-manylinux_2_17_aarch64.manylinux2014_aarch64.whl", hash = "sha256:5cdd7ef1ea7a491ae70d826b6cc64868de09a1d5ff9ef8d574250d0940e275b8"},
    {file = "pyrsistent-0.20.0-cp311-cp311-manylinux_2_17_x86_64.manylinux2014_x86_64.whl", hash = "sha256:cae40a9e3ce178415040a0383f00e8d68b569e97f31928a3a8ad37e3fde6df6a"},
    {file = "pyrsistent-0.20.0-cp311-cp311-manylinux_2_5_i686.manylinux1_i686.manylinux_2_17_i686.manylinux2014_i686.whl", hash = "sha256:6288b3fa6622ad8a91e6eb759cfc48ff3089e7c17fb1d4c59a919769314af224"},
    {file = "pyrsistent-0.20.0-cp311-cp311-win32.whl", hash = "sha256:7d29c23bdf6e5438c755b941cef867ec2a4a172ceb9f50553b6ed70d50dfd656"},
    {file = "pyrsistent-0.20.0-cp311-cp311-win_amd64.whl", hash = "sha256:59a89bccd615551391f3237e00006a26bcf98a4d18623a19909a2c48b8e986ee"},
    {file = "pyrsistent-0.20.0-cp312-cp312-macosx_10_9_universal2.whl", hash = "sha256:09848306523a3aba463c4b49493a760e7a6ca52e4826aa100ee99d8d39b7ad1e"},
    {file = "pyrsistent-0.20.0-cp312-cp312-manylinux_2_17_aarch64.manylinux2014_aarch64.whl", hash = "sha256:a14798c3005ec892bbada26485c2eea3b54109cb2533713e355c806891f63c5e"},
    {file = "pyrsistent-0.20.0-cp312-cp312-manylinux_2_17_x86_64.manylinux2014_x86_64.whl", hash = "sha256:b14decb628fac50db5e02ee5a35a9c0772d20277824cfe845c8a8b717c15daa3"},
    {file = "pyrsistent-0.20.0-cp312-cp312-manylinux_2_5_i686.manylinux1_i686.manylinux_2_17_i686.manylinux2014_i686.whl", hash = "sha256:2e2c116cc804d9b09ce9814d17df5edf1df0c624aba3b43bc1ad90411487036d"},
    {file = "pyrsistent-0.20.0-cp312-cp312-win32.whl", hash = "sha256:e78d0c7c1e99a4a45c99143900ea0546025e41bb59ebc10182e947cf1ece9174"},
    {file = "pyrsistent-0.20.0-cp312-cp312-win_amd64.whl", hash = "sha256:4021a7f963d88ccd15b523787d18ed5e5269ce57aa4037146a2377ff607ae87d"},
    {file = "pyrsistent-0.20.0-cp38-cp38-macosx_10_9_universal2.whl", hash = "sha256:79ed12ba79935adaac1664fd7e0e585a22caa539dfc9b7c7c6d5ebf91fb89054"},
    {file = "pyrsistent-0.20.0-cp38-cp38-manylinux_2_17_aarch64.manylinux2014_aarch64.whl", hash = "sha256:f920385a11207dc372a028b3f1e1038bb244b3ec38d448e6d8e43c6b3ba20e98"},
    {file = "pyrsistent-0.20.0-cp38-cp38-manylinux_2_17_x86_64.manylinux2014_x86_64.whl", hash = "sha256:4f5c2d012671b7391803263419e31b5c7c21e7c95c8760d7fc35602353dee714"},
    {file = "pyrsistent-0.20.0-cp38-cp38-manylinux_2_5_i686.manylinux1_i686.manylinux_2_17_i686.manylinux2014_i686.whl", hash = "sha256:ef3992833fbd686ee783590639f4b8343a57f1f75de8633749d984dc0eb16c86"},
    {file = "pyrsistent-0.20.0-cp38-cp38-win32.whl", hash = "sha256:881bbea27bbd32d37eb24dd320a5e745a2a5b092a17f6debc1349252fac85423"},
    {file = "pyrsistent-0.20.0-cp38-cp38-win_amd64.whl", hash = "sha256:6d270ec9dd33cdb13f4d62c95c1a5a50e6b7cdd86302b494217137f760495b9d"},
    {file = "pyrsistent-0.20.0-cp39-cp39-macosx_10_9_universal2.whl", hash = "sha256:ca52d1ceae015859d16aded12584c59eb3825f7b50c6cfd621d4231a6cc624ce"},
    {file = "pyrsistent-0.20.0-cp39-cp39-manylinux_2_17_aarch64.manylinux2014_aarch64.whl", hash = "sha256:b318ca24db0f0518630e8b6f3831e9cba78f099ed5c1d65ffe3e023003043ba0"},
    {file = "pyrsistent-0.20.0-cp39-cp39-manylinux_2_17_x86_64.manylinux2014_x86_64.whl", hash = "sha256:fed2c3216a605dc9a6ea50c7e84c82906e3684c4e80d2908208f662a6cbf9022"},
    {file = "pyrsistent-0.20.0-cp39-cp39-manylinux_2_5_i686.manylinux1_i686.manylinux_2_17_i686.manylinux2014_i686.whl", hash = "sha256:2e14c95c16211d166f59c6611533d0dacce2e25de0f76e4c140fde250997b3ca"},
    {file = "pyrsistent-0.20.0-cp39-cp39-win32.whl", hash = "sha256:f058a615031eea4ef94ead6456f5ec2026c19fb5bd6bfe86e9665c4158cf802f"},
    {file = "pyrsistent-0.20.0-cp39-cp39-win_amd64.whl", hash = "sha256:58b8f6366e152092194ae68fefe18b9f0b4f89227dfd86a07770c3d86097aebf"},
    {file = "pyrsistent-0.20.0-py3-none-any.whl", hash = "sha256:c55acc4733aad6560a7f5f818466631f07efc001fd023f34a6c203f8b6df0f0b"},
    {file = "pyrsistent-0.20.0.tar.gz", hash = "sha256:4c48f78f62ab596c679086084d0dd13254ae4f3d6c72a83ffdf5ebdef8f265a4"},
]

[[package]]
name = "pytest"
version = "9.1.1"
description = "pytest: simple powerful testing with Python"
optional = false
python-versions = ">=3.10"
groups = ["tests"]
files = [
    {file = "pytest-9.1.1-py3-none-any.whl", hash = "sha256:37a86b45efb9a47a61a36449063e8e18d0cab3161329fc099eb21783169c4f0c"},
    {file = "pytest-9.1.1.tar.gz", hash = "sha256:1088fbde8f2b49d95a549a195707afa7a76a3ce9bcadc26b6d71f0ffda5fe313"},
]

[package.dependencies]
colorama = {version = ">=0.4", markers = "sys_platform == \"win32\""}
iniconfig = ">=1.0.1"
packaging = ">=22"
pluggy = ">=1.5,<2"
pygments = ">=2.7.2"

[package.extras]
dev = ["argcomplete", "attrs (>=19.2)", "hypothesis (>=3.56)", "mock", "requests", "setuptools", "xmlschema"]

[[package]]
name = "pytest-cov"
version = "7.1.0"
description = "Pytest plugin for measuring coverage."
optional = false
python-versions = ">=3.9"
groups = ["tests"]
files = [
    {file = "pytest_cov-7.1.0-py3-none-any.whl", hash = "sha256:a0461110b7865f9a271aa1b51e516c9a95de9d696734a2f71e3e78f46e1d4678"},
    {file = "pytest_cov-7.1.0.tar.gz", hash = "sha256:30674f2b5f6351aa09702a9c8c364f6a01c27aae0c1366ae8016160d1efc56b2"},
]

[package.dependencies]
coverage = {version = ">=7.10.6", extras = ["toml"]}
pluggy = ">=1.2"
pytest = ">=7"

[package.extras]
testing = ["process-tests", "pytest-xdist", "virtualenv"]

[[package]]
name = "unidecode"
version = "1.4.0"
description = "ASCII transliterations of Unicode text"
optional = true
python-versions = ">=3.7"
groups = ["main"]
markers = "extra == \"contrib\""
files = [
    {file = "Unidecode-1.4.0-py3-none-any.whl", hash = "sha256:c3c7606c27503ad8d501270406e345ddb480a7b5f38827eafe4fa82a137f0021"},
    {file = "Unidecode-1.4.0.tar.gz", hash = "sha256:ce35985008338b676573023acc382d62c264f307c8f7963733405add37ea2b23"},
]

[extras]
contrib = ["Unidecode", "editdistance", "munkres"]

[metadata]
lock-version = "2.1"
python-versions = ">=3.11,<4"
content-hash = "1cee65918decb0df5602029384741a409b846415795cbe60ec2e298f2f192e01"
